
Microsoft Visual Studio Solution File, Format Version 12.00
# Visual Studio 15
VisualStudioVersion = 15.0.26403.7
MinimumVisualStudioVersion = 10.0.40219.1
Project("{FAE04EC0-301F-11D3-BF4B-00C04F79EFBC}") = "TaloudenTasapaino", "TaloudenTasapaino\TaloudenTasapaino\TaloudenTasapaino.csproj", "{3D9D3668-29EE-41B8-AA9E-2A3EEEF6E507}"
EndProject
Project("{96E2B04D-8817-42C6-938A-82C39BA4D311}") = "TaloudenTasapainoContent", "TaloudenTasapaino\TaloudenTasapainoContent\TaloudenTasapainoContent.contentproj", "{DF8C0CB5-A787-4019-B892-58FA667A8520}"
EndProject
Global
	GlobalSection(SolutionConfigurationPlatforms) = preSolution
		Debug|x86 = Debug|x86
		Release|x86 = Release|x86
	EndGlobalSection
	GlobalSection(ProjectConfigurationPlatforms) = postSolution
		{3D9D3668-29EE-41B8-AA9E-2A3EEEF6E507}.Debug|x86.ActiveCfg = Debug|x86
		{3D9D3668-29EE-41B8-AA9E-2A3EEEF6E507}.Debug|x86.Build.0 = Debug|x86
		{3D9D3668-29EE-41B8-AA9E-2A3EEEF6E507}.Release|x86.ActiveCfg = Release|x86
		{3D9D3668-29EE-41B8-AA9E-2A3EEEF6E507}.Release|x86.Build.0 = Release|x86
		{DF8C0CB5-A787-4019-B892-58FA667A8520}.Debug|x86.ActiveCfg = Debug|x86
		{DF8C0CB5-A787-4019-B892-58FA667A8520}.Release|x86.ActiveCfg = Release|x86
	EndGlobalSection
	GlobalSection(SolutionProperties) = preSolution
		HideSolutionNode = FALSE
	EndGlobalSection
EndGlobal
